// !$*UTF8*$!
{
	archiveVersion = 1;
	classes = {
	};
	objectVersion = 48;
	objects = {

/* Begin PBXBuildFile section */
		718E02701FF4A75800DCA0D6 /* AppDelegate.m in Sources */ = {isa = PBXBuildFile; fileRef = 718E026F1FF4A75800DCA0D6 /* AppDelegate.m */; };
		718E02731FF4A75800DCA0D6 /* ViewController.m in Sources */ = {isa = PBXBuildFile; fileRef = 718E02721FF4A75800DCA0D6 /* ViewController.m */; };
		718E02751FF4A75800DCA0D6 /* Assets.xcassets in Resources */ = {isa = PBXBuildFile; fileRef = 718E02741FF4A75800DCA0D6 /* Assets.xcassets */; };
		718E02781FF4A75800DCA0D6 /* Main.storyboard in Resources */ = {isa = PBXBuildFile; fileRef = 718E02761FF4A75800DCA0D6 /* Main.storyboard */; };
		718E027B1FF4A75800DCA0D6 /* main.m in Sources */ = {isa = PBXBuildFile; fileRef = 718E027A1FF4A75800DCA0D6 /* main.m */; };
		718E02831FF4A7AD00DCA0D6 /* Credits.rtf in Resources */ = {isa = PBXBuildFile; fileRef = 718E02821FF4A7AD00DCA0D6 /* Credits.rtf */; };
		718E02861FF4A81500DCA0D6 /* GBView.mm in Sources */ = {isa = PBXBuildFile; fileRef = 718E02851FF4A81500DCA0D6 /* GBView.mm */; };
		718E02931FF4AC1600DCA0D6 /* LICENSE in Resources */ = {isa = PBXBuildFile; fileRef = 718E02911FF4AC1600DCA0D6 /* LICENSE */; };
		718E02941FF4AC1600DCA0D6 /* README.md in Resources */ = {isa = PBXBuildFile; fileRef = 718E02921FF4AC1600DCA0D6 /* README.md */; };
		718E02971FF532C800DCA0D6 /* libgraph.a in Frameworks */ = {isa = PBXBuildFile; fileRef = 718E028E1FF4AAC800DCA0D6 /* libgraph.a */; };
/* End PBXBuildFile section */

/* Begin PBXFileReference section */
		718E026B1FF4A75800DCA0D6 /* GraphBuilder.app */ = {isa = PBXFileReference; explicitFileType = wrapper.application; includeInIndex = 0; path = GraphBuilder.app; sourceTree = BUILT_PRODUCTS_DIR; };
		718E026E1FF4A75800DCA0D6 /* AppDelegate.h */ = {isa = PBXFileReference; lastKnownFileType = sourcecode.c.h; path = AppDelegate.h; sourceTree = "<group>"; };
		718E026F1FF4A75800DCA0D6 /* AppDelegate.m */ = {isa = PBXFileReference; lastKnownFileType = sourcecode.c.objc; path = AppDelegate.m; sourceTree = "<group>"; };
		718E02711FF4A75800DCA0D6 /* ViewController.h */ = {isa = PBXFileReference; lastKnownFileType = sourcecode.c.h; path = ViewController.h; sourceTree = "<group>"; };
		718E02721FF4A75800DCA0D6 /* ViewController.m */ = {isa = PBXFileReference; lastKnownFileType = sourcecode.c.objc; path = ViewController.m; sourceTree = "<group>"; };
		718E02741FF4A75800DCA0D6 /* Assets.xcassets */ = {isa = PBXFileReference; lastKnownFileType = folder.assetcatalog; path = Assets.xcassets; sourceTree = "<group>"; };
		718E02771FF4A75800DCA0D6 /* Base */ = {isa = PBXFileReference; lastKnownFileType = file.storyboard; name = Base; path = Base.lproj/Main.storyboard; sourceTree = "<group>"; };
		718E02791FF4A75800DCA0D6 /* Info.plist */ = {isa = PBXFileReference; lastKnownFileType = text.plist.xml; path = Info.plist; sourceTree = "<group>"; };
		718E027A1FF4A75800DCA0D6 /* main.m */ = {isa = PBXFileReference; lastKnownFileType = sourcecode.c.objc; path = main.m; sourceTree = "<group>"; };
		718E027C1FF4A75800DCA0D6 /* GraphBuilder.entitlements */ = {isa = PBXFileReference; lastKnownFileType = text.plist.entitlements; path = GraphBuilder.entitlements; sourceTree = "<group>"; };
		718E02821FF4A7AD00DCA0D6 /* Credits.rtf */ = {isa = PBXFileReference; fileEncoding = 4; lastKnownFileType = text.rtf; path = Credits.rtf; sourceTree = "<group>"; };
		718E02841FF4A81500DCA0D6 /* GBView.h */ = {isa = PBXFileReference; lastKnownFileType = sourcecode.c.h; path = GBView.h; sourceTree = "<group>"; };
		718E02851FF4A81500DCA0D6 /* GBView.mm */ = {isa = PBXFileReference; lastKnownFileType = sourcecode.cpp.objcpp; path = GBView.mm; sourceTree = "<group>"; };
		718E028A1FF4AAC300DCA0D6 /* graph.h */ = {isa = PBXFileReference; explicitFileType = sourcecode.cpp.h; fileEncoding = 4; path = graph.h; sourceTree = "<group>"; };
		718E028B1FF4AAC300DCA0D6 /* node.h */ = {isa = PBXFileReference; explicitFileType = sourcecode.cpp.h; fileEncoding = 4; path = node.h; sourceTree = "<group>"; };
		718E028C1FF4AAC300DCA0D6 /* pathfinder.h */ = {isa = PBXFileReference; explicitFileType = sourcecode.cpp.h; fileEncoding = 4; path = pathfinder.h; sourceTree = "<group>"; };
		718E028E1FF4AAC800DCA0D6 /* libgraph.a */ = {isa = PBXFileReference; lastKnownFileType = archive.ar; path = libgraph.a; sourceTree = "<group>"; };
		718E02911FF4AC1600DCA0D6 /* LICENSE */ = {isa = PBXFileReference; fileEncoding = 4; lastKnownFileType = text; path = LICENSE; sourceTree = "<group>"; };
		718E02921FF4AC1600DCA0D6 /* README.md */ = {isa = PBXFileReference; fileEncoding = 4; lastKnownFileType = net.daringfireball.markdown; path = README.md; sourceTree = "<group>"; };
		718E02951FF4F64200DCA0D6 /* Enums.h */ = {isa = PBXFileReference; lastKnownFileType = sourcecode.c.h; path = Enums.h; sourceTree = "<group>"; };
/* End PBXFileReference section */

/* Begin PBXFrameworksBuildPhase section */
		718E02681FF4A75800DCA0D6 /* Frameworks */ = {
			isa = PBXFrameworksBuildPhase;
			buildActionMask = 2147483647;
			files = (
				718E02971FF532C800DCA0D6 /* libgraph.a in Frameworks */,
			);
			runOnlyForDeploymentPostprocessing = 0;
		};
/* End PBXFrameworksBuildPhase section */

/* Begin PBXGroup section */
		718E02621FF4A75800DCA0D6 = {
			isa = PBXGroup;
			children = (
				718E02901FF4AC1000DCA0D6 /* Meta */,
				718E028D1FF4AAC800DCA0D6 /* lib */,
				718E02891FF4AAC300DCA0D6 /* inc */,
				718E026D1FF4A75800DCA0D6 /* GraphBuilder */,
				718E026C1FF4A75800DCA0D6 /* Products */,
				718E02961FF532C800DCA0D6 /* Frameworks */,
			);
			sourceTree = "<group>";
		};
		718E026C1FF4A75800DCA0D6 /* Products */ = {
			isa = PBXGroup;
			children = (
				718E026B1FF4A75800DCA0D6 /* GraphBuilder.app */,
			);
			name = Products;
			sourceTree = "<group>";
		};
		718E026D1FF4A75800DCA0D6 /* GraphBuilder */ = {
			isa = PBXGroup;
			children = (
				718E02821FF4A7AD00DCA0D6 /* Credits.rtf */,
				718E026E1FF4A75800DCA0D6 /* AppDelegate.h */,
				718E026F1FF4A75800DCA0D6 /* AppDelegate.m */,
				718E02711FF4A75800DCA0D6 /* ViewController.h */,
				718E02721FF4A75800DCA0D6 /* ViewController.m */,
				718E02741FF4A75800DCA0D6 /* Assets.xcassets */,
				718E02761FF4A75800DCA0D6 /* Main.storyboard */,
				718E02791FF4A75800DCA0D6 /* Info.plist */,
				718E027A1FF4A75800DCA0D6 /* main.m */,
				718E027C1FF4A75800DCA0D6 /* GraphBuilder.entitlements */,
				718E02841FF4A81500DCA0D6 /* GBView.h */,
				718E02851FF4A81500DCA0D6 /* GBView.mm */,
				718E02951FF4F64200DCA0D6 /* Enums.h */,
			);
			path = GraphBuilder;
			sourceTree = "<group>";
		};
		718E02891FF4AAC300DCA0D6 /* inc */ = {
			isa = PBXGroup;
			children = (
				718E028A1FF4AAC300DCA0D6 /* graph.h */,
				718E028B1FF4AAC300DCA0D6 /* node.h */,
				718E028C1FF4AAC300DCA0D6 /* pathfinder.h */,
			);
			path = inc;
			sourceTree = "<group>";
		};
		718E028D1FF4AAC800DCA0D6 /* lib */ = {
			isa = PBXGroup;
			children = (
				718E028E1FF4AAC800DCA0D6 /* libgraph.a */,
			);
			path = lib;
			sourceTree = "<group>";
		};
		718E02901FF4AC1000DCA0D6 /* Meta */ = {
			isa = PBXGroup;
			children = (
				718E02911FF4AC1600DCA0D6 /* LICENSE */,
				718E02921FF4AC1600DCA0D6 /* README.md */,
			);
			name = Meta;
			sourceTree = "<group>";
		};
		718E02961FF532C800DCA0D6 /* Frameworks */ = {
			isa = PBXGroup;
			children = (
			);
			name = Frameworks;
			sourceTree = "<group>";
		};
/* End PBXGroup section */

/* Begin PBXNativeTarget section */
		718E026A1FF4A75800DCA0D6 /* GraphBuilder */ = {
			isa = PBXNativeTarget;
			buildConfigurationList = 718E027F1FF4A75800DCA0D6 /* Build configuration list for PBXNativeTarget "GraphBuilder" */;
			buildPhases = (
				718E02671FF4A75800DCA0D6 /* Sources */,
				718E02681FF4A75800DCA0D6 /* Frameworks */,
				718E02691FF4A75800DCA0D6 /* Resources */,
			);
			buildRules = (
			);
			dependencies = (
			);
			name = GraphBuilder;
			productName = GraphBuilder;
			productReference = 718E026B1FF4A75800DCA0D6 /* GraphBuilder.app */;
			productType = "com.apple.product-type.application";
		};
/* End PBXNativeTarget section */

/* Begin PBXProject section */
		718E02631FF4A75800DCA0D6 /* Project object */ = {
			isa = PBXProject;
			attributes = {
				LastUpgradeCheck = 0920;
				ORGANIZATIONNAME = Arc676;
				TargetAttributes = {
					718E026A1FF4A75800DCA0D6 = {
						CreatedOnToolsVersion = 9.2;
						ProvisioningStyle = Automatic;
					};
				};
			};
			buildConfigurationList = 718E02661FF4A75800DCA0D6 /* Build configuration list for PBXProject "GraphBuilder" */;
			compatibilityVersion = "Xcode 8.0";
			developmentRegion = en;
			hasScannedForEncodings = 0;
			knownRegions = (
				en,
				Base,
			);
			mainGroup = 718E02621FF4A75800DCA0D6;
			productRefGroup = 718E026C1FF4A75800DCA0D6 /* Products */;
			projectDirPath = "";
			projectRoot = "";
			targets = (
				718E026A1FF4A75800DCA0D6 /* GraphBuilder */,
			);
		};
/* End PBXProject section */

/* Begin PBXResourcesBuildPhase section */
		718E02691FF4A75800DCA0D6 /* Resources */ = {
			isa = PBXResourcesBuildPhase;
			buildActionMask = 2147483647;
			files = (
				718E02751FF4A75800DCA0D6 /* Assets.xcassets in Resources */,
				718E02831FF4A7AD00DCA0D6 /* Credits.rtf in Resources */,
				718E02941FF4AC1600DCA0D6 /* README.md in Resources */,
				718E02931FF4AC1600DCA0D6 /* LICENSE in Resources */,
				718E02781FF4A75800DCA0D6 /* Main.storyboard in Resources */,
			);
			runOnlyForDeploymentPostprocessing = 0;
		};
/* End PBXResourcesBuildPhase section */

/* Begin PBXSourcesBuildPhase section */
		718E02671FF4A75800DCA0D6 /* Sources */ = {
			isa = PBXSourcesBuildPhase;
			buildActionMask = 2147483647;
			files = (
				718E02731FF4A75800DCA0D6 /* ViewController.m in Sources */,
				718E027B1FF4A75800DCA0D6 /* main.m in Sources */,
				718E02701FF4A75800DCA0D6 /* AppDelegate.m in Sources */,
				718E02861FF4A81500DCA0D6 /* GBView.mm in Sources */,
			);
			runOnlyForDeploymentPostprocessing = 0;
		};
/* End PBXSourcesBuildPhase section */

/* Begin PBXVariantGroup section */
		718E02761FF4A75800DCA0D6 /* Main.storyboard */ = {
			isa = PBXVariantGroup;
			children = (
				718E02771FF4A75800DCA0D6 /* Base */,
			);
			name = Main.storyboard;
			sourceTree = "<group>";
		};
/* End PBXVariantGroup section */

/* Begin XCBuildConfiguration section */
		718E027D1FF4A75800DCA0D6 /* Debug */ = {
			isa = XCBuildConfiguration;
			buildSettings = {
				ALWAYS_SEARCH_USER_PATHS = NO;
				CLANG_ANALYZER_NONNULL = YES;
				CLANG_ANALYZER_NUMBER_OBJECT_CONVERSION = YES_AGGRESSIVE;
				CLANG_CXX_LANGUAGE_STANDARD = "gnu++14";
				CLANG_CXX_LIBRARY = "libc++";
				CLANG_ENABLE_MODULES = YES;
				CLANG_ENABLE_OBJC_ARC = YES;
				CLANG_WARN_BLOCK_CAPTURE_AUTORELEASING = YES;
				CLANG_WARN_BOOL_CONVERSION = YES;
				CLANG_WARN_COMMA = YES;
				CLANG_WARN_CONSTANT_CONVERSION = YES;
				CLANG_WARN_DIRECT_OBJC_ISA_USAGE = YES_ERROR;
				CLANG_WARN_DOCUMENTATION_COMMENTS = YES;
				CLANG_WARN_EMPTY_BODY = YES;
				CLANG_WARN_ENUM_CONVERSION = YES;
				CLANG_WARN_INFINITE_RECURSION = YES;
				CLANG_WARN_INT_CONVERSION = YES;
				CLANG_WARN_NON_LITERAL_NULL_CONVERSION = YES;
				CLANG_WARN_OBJC_LITERAL_CONVERSION = YES;
				CLANG_WARN_OBJC_ROOT_CLASS = YES_ERROR;
				CLANG_WARN_RANGE_LOOP_ANALYSIS = YES;
				CLANG_WARN_STRICT_PROTOTYPES = YES;
				CLANG_WARN_SUSPICIOUS_MOVE = YES;
				CLANG_WARN_UNGUARDED_AVAILABILITY = YES_AGGRESSIVE;
				CLANG_WARN_UNREACHABLE_CODE = YES;
				CLANG_WARN__DUPLICATE_METHOD_MATCH = YES;
				CODE_SIGN_IDENTITY = "Mac Developer";
				COPY_PHASE_STRIP = NO;
				DEBUG_INFORMATION_FORMAT = dwarf;
				ENABLE_STRICT_OBJC_MSGSEND = YES;
				ENABLE_TESTABILITY = YES;
				GCC_C_LANGUAGE_STANDARD = gnu11;
				GCC_DYNAMIC_NO_PIC = NO;
				GCC_NO_COMMON_BLOCKS = YES;
				GCC_OPTIMIZATION_LEVEL = 0;
				GCC_PREPROCESSOR_DEFINITIONS = (
					"DEBUG=1",
					"$(inherited)",
				);
				GCC_WARN_64_TO_32_BIT_CONVERSION = YES;
				GCC_WARN_ABOUT_RETURN_TYPE = YES_ERROR;
				GCC_WARN_UNDECLARED_SELECTOR = YES;
				GCC_WARN_UNINITIALIZED_AUTOS = YES_AGGRESSIVE;
				GCC_WARN_UNUSED_FUNCTION = YES;
				GCC_WARN_UNUSED_VARIABLE = YES;
				MACOSX_DEPLOYMENT_TARGET = 10.13;
				MTL_ENABLE_DEBUG_INFO = YES;
				ONLY_ACTIVE_ARCH = YES;
				SDKROOT = macosx;
			};
			name = Debug;
		};
		718E027E1FF4A75800DCA0D6 /* Release */ = {
			isa = XCBuildConfiguration;
			buildSettings = {
				ALWAYS_SEARCH_USER_PATHS = NO;
				CLANG_ANALYZER_NONNULL = YES;
				CLANG_ANALYZER_NUMBER_OBJECT_CONVERSION = YES_AGGRESSIVE;
				CLANG_CXX_LANGUAGE_STANDARD = "gnu++14";
				CLANG_CXX_LIBRARY = "libc++";
				CLANG_ENABLE_MODULES = YES;
				CLANG_ENABLE_OBJC_ARC = YES;
				CLANG_WARN_BLOCK_CAPTURE_AUTORELEASING = YES;
				CLANG_WARN_BOOL_CONVERSION = YES;
				CLANG_WARN_COMMA = YES;
				CLANG_WARN_CONSTANT_CONVERSION = YES;
				CLANG_WARN_DIRECT_OBJC_ISA_USAGE = YES_ERROR;
				CLANG_WARN_DOCUMENTATION_COMMENTS = YES;
				CLANG_WARN_EMPTY_BODY = YES;
				CLANG_WARN_ENUM_CONVERSION = YES;
				CLANG_WARN_INFINITE_RECURSION = YES;
				CLANG_WARN_INT_CONVERSION = YES;
				CLANG_WARN_NON_LITERAL_NULL_CONVERSION = YES;
				CLANG_WARN_OBJC_LITERAL_CONVERSION = YES;
				CLANG_WARN_OBJC_ROOT_CLASS = YES_ERROR;
				CLANG_WARN_RANGE_LOOP_ANALYSIS = YES;
				CLANG_WARN_STRICT_PROTOTYPES = YES;
				CLANG_WARN_SUSPICIOUS_MOVE = YES;
				CLANG_WARN_UNGUARDED_AVAILABILITY = YES_AGGRESSIVE;
				CLANG_WARN_UNREACHABLE_CODE = YES;
				CLANG_WARN__DUPLICATE_METHOD_MATCH = YES;
				CODE_SIGN_IDENTITY = "Mac Developer";
				COPY_PHASE_STRIP = NO;
				DEBUG_INFORMATION_FORMAT = "dwarf-with-dsym";
				ENABLE_NS_ASSERTIONS = NO;
				ENABLE_STRICT_OBJC_MSGSEND = YES;
				GCC_C_LANGUAGE_STANDARD = gnu11;
				GCC_NO_COMMON_BLOCKS = YES;
				GCC_WARN_64_TO_32_BIT_CONVERSION = YES;
				GCC_WARN_ABOUT_RETURN_TYPE = YES_ERROR;
				GCC_WARN_UNDECLARED_SELECTOR = YES;
				GCC_WARN_UNINITIALIZED_AUTOS = YES_AGGRESSIVE;
				GCC_WARN_UNUSED_FUNCTION = YES;
				GCC_WARN_UNUSED_VARIABLE = YES;
				MACOSX_DEPLOYMENT_TARGET = 10.13;
				MTL_ENABLE_DEBUG_INFO = NO;
				SDKROOT = macosx;
			};
			name = Release;
		};
		718E02801FF4A75800DCA0D6 /* Debug */ = {
			isa = XCBuildConfiguration;
			buildSettings = {
				ASSETCATALOG_COMPILER_APPICON_NAME = AppIcon;
				CLANG_CXX_LIBRARY = "libc++";
				CODE_SIGN_ENTITLEMENTS = GraphBuilder/GraphBuilder.entitlements;
				CODE_SIGN_STYLE = Automatic;
				COMBINE_HIDPI_IMAGES = YES;
				DEVELOPMENT_TEAM = T42F23M422;
				GCC_INPUT_FILETYPE = automatic;
				HEADER_SEARCH_PATHS = "";
				INFOPLIST_FILE = GraphBuilder/Info.plist;
				LD_RUNPATH_SEARCH_PATHS = "$(inherited) @executable_path/../Frameworks";
				LIBRARY_SEARCH_PATHS = "\"$(SRCROOT)/lib\"";
				OTHER_CPLUSPLUSFLAGS = "$(OTHER_CFLAGS)";
				OTHER_LDFLAGS = "";
				PRODUCT_BUNDLE_IDENTIFIER = Arc676.GraphBuilder;
				PRODUCT_NAME = "$(TARGET_NAME)";
				USER_HEADER_SEARCH_PATHS = inc;
			};
			name = Debug;
		};
		718E02811FF4A75800DCA0D6 /* Release */ = {
			isa = XCBuildConfiguration;
			buildSettings = {
				ASSETCATALOG_COMPILER_APPICON_NAME = AppIcon;
				CLANG_CXX_LIBRARY = "libc++";
				CODE_SIGN_ENTITLEMENTS = GraphBuilder/GraphBuilder.entitlements;
				CODE_SIGN_STYLE = Automatic;
				COMBINE_HIDPI_IMAGES = YES;
				DEVELOPMENT_TEAM = T42F23M422;
				GCC_INPUT_FILETYPE = automatic;
				HEADER_SEARCH_PATHS = "";
				INFOPLIST_FILE = GraphBuilder/Info.plist;
				LD_RUNPATH_SEARCH_PATHS = "$(inherited) @executable_path/../Frameworks";
				LIBRARY_SEARCH_PATHS = "\"$(SRCROOT)/lib\"";
				OTHER_CPLUSPLUSFLAGS = "$(OTHER_CFLAGS)";
				OTHER_LDFLAGS = "";
				PRODUCT_BUNDLE_IDENTIFIER = Arc676.GraphBuilder;
				PRODUCT_NAME = "$(TARGET_NAME)";
				USER_HEADER_SEARCH_PATHS = inc;
			};
			name = Release;
		};
/* End XCBuildConfiguration section */

/* Begin XCConfigurationList section */
		718E02661FF4A75800DCA0D6 /* Build configuration list for PBXProject "GraphBuilder" */ = {
			isa = XCConfigurationList;
			buildConfigurations = (
				718E027D1FF4A75800DCA0D6 /* Debug */,
				718E027E1FF4A75800DCA0D6 /* Release */,
			);
			defaultConfigurationIsVisible = 0;
			defaultConfigurationName = Release;
		};
		718E027F1FF4A75800DCA0D6 /* Build configuration list for PBXNativeTarget "GraphBuilder" */ = {
			isa = XCConfigurationList;
			buildConfigurations = (
				718E02801FF4A75800DCA0D6 /* Debug */,
				718E02811FF4A75800DCA0D6 /* Release */,
			);
			defaultConfigurationIsVisible = 0;
			defaultConfigurationName = Release;
		};
/* End XCConfigurationList section */
	};
	rootObject = 718E02631FF4A75800DCA0D6 /* Project object */;
}
